PODS:
  - CocoaLumberjack (2.0.0-rc2):
    - CocoaLumberjack/Default
    - CocoaLumberjack/Extensions
  - CocoaLumberjack/Core (2.0.0-rc2)
  - CocoaLumberjack/Default (2.0.0-rc2):
    - CocoaLumberjack/Core
  - CocoaLumberjack/Extensions (2.0.0-rc2):
    - CocoaLumberjack/Default
  - RMLogFormatter (0.1.0):
    - CocoaLumberjack

DEPENDENCIES:
  - RMLogFormatter (from `../`)

EXTERNAL SOURCES:
  RMLogFormatter:
    :path: ../

SPEC CHECKSUMS:
  CocoaLumberjack: 6027cd9a0665203a7df456c526e137f02cd547e1
  RMLogFormatter: b4ea4f766beb4c8b229c4eecbedc525d058369ca

COCOAPODS: 0.34.4
